// !$*UTF8*$!
{
	archiveVersion = 1;
	classes = {
	};
	objectVersion = 46;
	objects = {

/* Begin PBXBuildFile section */
		9503F0011B16743F0020A7ED /* GameSounds.swift in Sources */ = {isa = PBXBuildFile; fileRef = 9503F0001B16743F0020A7ED /* GameSounds.swift */; };
		9508F6BF1AF52A2B00A8C713 /* AppDelegate.swift in Sources */ = {isa = PBXBuildFile; fileRef = 9508F6BE1AF52A2B00A8C713 /* AppDelegate.swift */; };
		9508F6C41AF52A2B00A8C713 /* Main.storyboard in Resources */ = {isa = PBXBuildFile; fileRef = 9508F6C21AF52A2B00A8C713 /* Main.storyboard */; };
		9508F6C91AF52A2B00A8C713 /* LaunchScreen.xib in Resources */ = {isa = PBXBuildFile; fileRef = 9508F6C71AF52A2B00A8C713 /* LaunchScreen.xib */; };
		9508F6D51AF52A2B00A8C713 /* AgniTests.swift in Sources */ = {isa = PBXBuildFile; fileRef = 9508F6D41AF52A2B00A8C713 /* AgniTests.swift */; };
		9508F6DF1AF52E4400A8C713 /* AgniViewController.swift in Sources */ = {isa = PBXBuildFile; fileRef = 9508F6DE1AF52E4400A8C713 /* AgniViewController.swift */; };
		9508F6E11AF52F3A00A8C713 /* Latin1.txt in Resources */ = {isa = PBXBuildFile; fileRef = 9508F6E01AF52F3A00A8C713 /* Latin1.txt */; };
		9508F6F21AF6AE6500A8C713 /* ShakeTransition.swift in Sources */ = {isa = PBXBuildFile; fileRef = 9508F6F11AF6AE6500A8C713 /* ShakeTransition.swift */; };
		952C86421D43B6A700064CA5 /* CustomListViewController.swift in Sources */ = {isa = PBXBuildFile; fileRef = 952C86411D43B6A700064CA5 /* CustomListViewController.swift */; };
		952C86441D43B6F700064CA5 /* statsicon.png in Resources */ = {isa = PBXBuildFile; fileRef = 952C86431D43B6F700064CA5 /* statsicon.png */; };
		952C86471D43B74000064CA5 /* UIImageEffects.m in Sources */ = {isa = PBXBuildFile; fileRef = 952C86461D43B74000064CA5 /* UIImageEffects.m */; };
		952C864A1D43BA5600064CA5 /* Images.xcassets in Resources */ = {isa = PBXBuildFile; fileRef = 952C86491D43BA5600064CA5 /* Images.xcassets */; };
		953844581BAAFB9F00C7421C /* FinishedViewController.swift in Sources */ = {isa = PBXBuildFile; fileRef = 953844571BAAFB9F00C7421C /* FinishedViewController.swift */; };
		953F0F5E1BB98E5D00836E5A /* libz.tbd in Frameworks */ = {isa = PBXBuildFile; fileRef = 953F0F5D1BB98E5D00836E5A /* libz.tbd */; };
		953F0F601BB98ED700836E5A /* libsqlite3.tbd in Frameworks */ = {isa = PBXBuildFile; fileRef = 953F0F5F1BB98ED700836E5A /* libsqlite3.tbd */; };
		9552D5681D04D1D00067146A /* CloudKit.framework in Frameworks */ = {isa = PBXBuildFile; fileRef = 9552D5671D04D1D00067146A /* CloudKit.framework */; };
		95569C431D372865007F73FA /* document@44_58.png in Resources */ = {isa = PBXBuildFile; fileRef = 95569C3F1D372865007F73FA /* document@44_58.png */; };
		95569C441D372865007F73FA /* document@64_64.png in Resources */ = {isa = PBXBuildFile; fileRef = 95569C401D372865007F73FA /* document@64_64.png */; };
		95569C451D372865007F73FA /* document@312_312.png in Resources */ = {isa = PBXBuildFile; fileRef = 95569C411D372865007F73FA /* document@312_312.png */; };
		95569C461D372865007F73FA /* document@22_29.png in Resources */ = {isa = PBXBuildFile; fileRef = 95569C421D372865007F73FA /* document@22_29.png */; };
		95649AA41C2F17EF0052ADEB /* Medal Filled-100.png in Resources */ = {isa = PBXBuildFile; fileRef = 95649AA31C2F17EF0052ADEB /* Medal Filled-100.png */; };
		95649AA61C2F21030052ADEB /* Achievements.swift in Sources */ = {isa = PBXBuildFile; fileRef = 95649AA51C2F21030052ADEB /* Achievements.swift */; };
		95649AA81C32268A0052ADEB /* EnglishStarterPack.txt in Resources */ = {isa = PBXBuildFile; fileRef = 95649AA71C32268A0052ADEB /* EnglishStarterPack.txt */; };
		9564C7211D34A13F002F1335 /* ReverseMenuSlideTransition.swift in Sources */ = {isa = PBXBuildFile; fileRef = 9564C7201D34A13F002F1335 /* ReverseMenuSlideTransition.swift */; };
		957A0D061DD2826B004DB474 /* ChallengeViewController.swift in Sources */ = {isa = PBXBuildFile; fileRef = 957A0D051DD2826B004DB474 /* ChallengeViewController.swift */; };
		9583EC0E1D8F8C060097D22B /* Stickers.xcassets in Resources */ = {isa = PBXBuildFile; fileRef = 9583EC0D1D8F8C060097D22B /* Stickers.xcassets */; };
		9583EC121D8F8C060097D22B /* Agni Stickers.appex in Embed App Extensions */ = {isa = PBXBuildFile; fileRef = 9583EC0B1D8F8C060097D22B /* Agni Stickers.appex */; settings = {ATTRIBUTES = (RemoveHeadersOnCopy, ); }; };
		9583F9A21D2F0E170017A26F /* StatsViewController.swift in Sources */ = {isa = PBXBuildFile; fileRef = 9583F9A11D2F0E170017A26F /* StatsViewController.swift */; };
		9583F9A61D2F0FBA0017A26F /* CircleTransition.swift in Sources */ = {isa = PBXBuildFile; fileRef = 9583F9A51D2F0FBA0017A26F /* CircleTransition.swift */; };
		9583F9A81D2F39660017A26F /* ReverseCircleTransition.swift in Sources */ = {isa = PBXBuildFile; fileRef = 9583F9A71D2F39660017A26F /* ReverseCircleTransition.swift */; };
		95897A101B86AAB400BBA25C /* iCarousel.m in Sources */ = {isa = PBXBuildFile; fileRef = 95897A0F1B86AAB400BBA25C /* iCarousel.m */; };
		95897A131B86AEED00BBA25C /* SkinPickerViewController.swift in Sources */ = {isa = PBXBuildFile; fileRef = 95897A121B86AEED00BBA25C /* SkinPickerViewController.swift */; };
		958FFBD01B4CB6F000F34478 /* DALEK___.ttf in Resources */ = {isa = PBXBuildFile; fileRef = 958FFBCF1B4CB66B00F34478 /* DALEK___.ttf */; };
		958FFBD81B4DC4D300F34478 /* Reachability.m in Sources */ = {isa = PBXBuildFile; fileRef = 958FFBD71B4DC4D300F34478 /* Reachability.m */; };
		959B5CCE1D359B9100292239 /* Xbox Menu Filled-100.png in Resources */ = {isa = PBXBuildFile; fileRef = 959B5CCD1D359B9100292239 /* Xbox Menu Filled-100.png */; };
		959B5CD41D35A15000292239 /* Xbox Menu Filled Rotated-100.png in Resources */ = {isa = PBXBuildFile; fileRef = 959B5CD31D35A15000292239 /* Xbox Menu Filled Rotated-100.png */; };
		95A639641B18080F00A2A108 /* mute.png in Resources */ = {isa = PBXBuildFile; fileRef = 95A639621B18080F00A2A108 /* mute.png */; };
		95A639651B18080F00A2A108 /* sound.png in Resources */ = {isa = PBXBuildFile; fileRef = 95A639631B18080F00A2A108 /* sound.png */; };
		95A6396C1B1CE4C700A2A108 /* WelcomeViewController.swift in Sources */ = {isa = PBXBuildFile; fileRef = 95A6396B1B1CE4C700A2A108 /* WelcomeViewController.swift */; };
		95A639781B1D0AD700A2A108 /* BuySkinsViewController.swift in Sources */ = {isa = PBXBuildFile; fileRef = 95A639771B1D0AD700A2A108 /* BuySkinsViewController.swift */; };
		95A639C61B1F755600A2A108 /* stickfigure small.png in Resources */ = {isa = PBXBuildFile; fileRef = 95A639C51B1F755600A2A108 /* stickfigure small.png */; };
		95A639D11B2282D400A2A108 /* Converter.swift in Sources */ = {isa = PBXBuildFile; fileRef = 95A639D01B2282D400A2A108 /* Converter.swift */; };
		95A86CB01AF85E8600E0FB67 /* Store.xcdatamodeld in Sources */ = {isa = PBXBuildFile; fileRef = 95A86CAE1AF85E8600E0FB67 /* Store.xcdatamodeld */; };
		95A86CB41AF861E700E0FB67 /* CoreData.framework in Frameworks */ = {isa = PBXBuildFile; fileRef = 95A86CB31AF861E700E0FB67 /* CoreData.framework */; };
		95A86CB81AF9316C00E0FB67 /* WordListsViewController.swift in Sources */ = {isa = PBXBuildFile; fileRef = 95A86CB71AF9316C00E0FB67 /* WordListsViewController.swift */; };
		95A86CCA1AF966AC00E0FB67 /* AudioToolbox.framework in Frameworks */ = {isa = PBXBuildFile; fileRef = 95A86CC91AF966AC00E0FB67 /* AudioToolbox.framework */; };
		95A86CCC1AF966B100E0FB67 /* CFNetwork.framework in Frameworks */ = {isa = PBXBuildFile; fileRef = 95A86CCB1AF966B100E0FB67 /* CFNetwork.framework */; };
		95A86CCE1AF966BB00E0FB67 /* CoreGraphics.framework in Frameworks */ = {isa = PBXBuildFile; fileRef = 95A86CCD1AF966BB00E0FB67 /* CoreGraphics.framework */; };
		95A86CD01AF966BF00E0FB67 /* CoreLocation.framework in Frameworks */ = {isa = PBXBuildFile; fileRef = 95A86CCF1AF966BF00E0FB67 /* CoreLocation.framework */; };
		95A86CD21AF966CD00E0FB67 /* MobileCoreServices.framework in Frameworks */ = {isa = PBXBuildFile; fileRef = 95A86CD11AF966CD00E0FB67 /* MobileCoreServices.framework */; };
		95A86CD41AF966D200E0FB67 /* QuartzCore.framework in Frameworks */ = {isa = PBXBuildFile; fileRef = 95A86CD31AF966D200E0FB67 /* QuartzCore.framework */; };
		95A86CD61AF966DA00E0FB67 /* Security.framework in Frameworks */ = {isa = PBXBuildFile; fileRef = 95A86CD51AF966DA00E0FB67 /* Security.framework */; };
		95A86CD81AF966DD00E0FB67 /* StoreKit.framework in Frameworks */ = {isa = PBXBuildFile; fileRef = 95A86CD71AF966DD00E0FB67 /* StoreKit.framework */; };
		95A86CDA1AF966E900E0FB67 /* SystemConfiguration.framework in Frameworks */ = {isa = PBXBuildFile; fileRef = 95A86CD91AF966E900E0FB67 /* SystemConfiguration.framework */; };
		95B303B81D5F79BC0077E92B /* MenuItemTransition.swift in Sources */ = {isa = PBXBuildFile; fileRef = 95B303B71D5F79BC0077E92B /* MenuItemTransition.swift */; };
		95B303BA1D5F79DE0077E92B /* ReverseMenuItemTransition.swift in Sources */ = {isa = PBXBuildFile; fileRef = 95B303B91D5F79DE0077E92B /* ReverseMenuItemTransition.swift */; };
		95B303BC1D5F7BCF0077E92B /* MenuItemInteractor.swift in Sources */ = {isa = PBXBuildFile; fileRef = 95B303BB1D5F7BCF0077E92B /* MenuItemInteractor.swift */; };
		95B303BE1D6160180077E92B /* MenuItemViewController.swift in Sources */ = {isa = PBXBuildFile; fileRef = 95B303BD1D6160180077E92B /* MenuItemViewController.swift */; };
		95C9B6E51B7C3A920099A7D2 /* QTRomanNumerals.swift in Sources */ = {isa = PBXBuildFile; fileRef = 95C9B6E41B7C3A920099A7D2 /* QTRomanNumerals.swift */; };
		95CF7E211AFAFFAE007D2F27 /* Refresh-100.png in Resources */ = {isa = PBXBuildFile; fileRef = 95CF7E201AFAFFAE007D2F27 /* Refresh-100.png */; };
		95D9F50C1D31A2160083A7C6 /* MenuViewController.swift in Sources */ = {isa = PBXBuildFile; fileRef = 95D9F50B1D31A2160083A7C6 /* MenuViewController.swift */; };
		95D9F50E1D31A8780083A7C6 /* MenuSlideTransition.swift in Sources */ = {isa = PBXBuildFile; fileRef = 95D9F50D1D31A8780083A7C6 /* MenuSlideTransition.swift */; };
		95D9F5101D3307DE0083A7C6 /* MenuItemView.swift in Sources */ = {isa = PBXBuildFile; fileRef = 95D9F50F1D3307DE0083A7C6 /* MenuItemView.swift */; };
		95E53B6E1B14DF7F00F7BC4A /* AVFoundation.framework in Frameworks */ = {isa = PBXBuildFile; fileRef = 95E53B6D1B14DF7F00F7BC4A /* AVFoundation.framework */; };
		95E652831D1742CB00B3F0A3 /* sheep_large.png in Resources */ = {isa = PBXBuildFile; fileRef = 95E652821D1742CB00B3F0A3 /* sheep_large.png */; };
		95E652851D1742E800B3F0A3 /* SkinsBg.png in Resources */ = {isa = PBXBuildFile; fileRef = 95E652841D1742E800B3F0A3 /* SkinsBg.png */; };
		95E652901D17436400B3F0A3 /* BackgroundMusic.m4a in Resources */ = {isa = PBXBuildFile; fileRef = 95E652881D17436400B3F0A3 /* BackgroundMusic.m4a */; };
		95E652911D17436400B3F0A3 /* correctSound.wav in Resources */ = {isa = PBXBuildFile; fileRef = 95E652891D17436400B3F0A3 /* correctSound.wav */; };
		95E652921D17436400B3F0A3 /* failure.wav in Resources */ = {isa = PBXBuildFile; fileRef = 95E6528A1D17436400B3F0A3 /* failure.wav */; };
		95E652931D17436400B3F0A3 /* gong.wav in Resources */ = {isa = PBXBuildFile; fileRef = 95E6528B1D17436400B3F0A3 /* gong.wav */; };
		95E652941D17436400B3F0A3 /* incorrectSound.wav in Resources */ = {isa = PBXBuildFile; fileRef = 95E6528C1D17436400B3F0A3 /* incorrectSound.wav */; };
		95E652951D17436400B3F0A3 /* lightgong.aif in Resources */ = {isa = PBXBuildFile; fileRef = 95E6528D1D17436400B3F0A3 /* lightgong.aif */; };
		95E652961D17436400B3F0A3 /* loss.wav in Resources */ = {isa = PBXBuildFile; fileRef = 95E6528E1D17436400B3F0A3 /* loss.wav */; };
		95E652971D17436400B3F0A3 /* win.wav in Resources */ = {isa = PBXBuildFile; fileRef = 95E6528F1D17436400B3F0A3 /* win.wav */; };
		95EE81761DA42F4A004F998A /* Dice-100.png in Resources */ = {isa = PBXBuildFile; fileRef = 95EE81751DA42F4A004F998A /* Dice-100.png */; };
		95EFAFF01D1CD514001B86ED /* OneSignal.framework in Frameworks */ = {isa = PBXBuildFile; fileRef = 95EFAFEF1D1CD514001B86ED /* OneSignal.framework */; };
		95F21F601D388397003C0203 /* ListCreatorViewController.swift in Sources */ = {isa = PBXBuildFile; fileRef = 95F21F5F1D388397003C0203 /* ListCreatorViewController.swift */; };
		95F21F621D389806003C0203 /* Checkmark-100.png in Resources */ = {isa = PBXBuildFile; fileRef = 95F21F611D389806003C0203 /* Checkmark-100.png */; };
		95F21F641D39B782003C0203 /* NewListViewController.swift in Sources */ = {isa = PBXBuildFile; fileRef = 95F21F631D39B782003C0203 /* NewListViewController.swift */; };
		95F552F21B9BC9C700E631BF /* WhatsNewViewController.swift in Sources */ = {isa = PBXBuildFile; fileRef = 95F552F11B9BC9C700E631BF /* WhatsNewViewController.swift */; };
		95FA549C1C075F190029D91D /* GameKit.framework in Frameworks */ = {isa = PBXBuildFile; fileRef = 95FA549B1C075F190029D91D /* GameKit.framework */; };
		95FA54A01C077C6B0029D91D /* Graphics.xcassets in Resources */ = {isa = PBXBuildFile; fileRef = 95FA549F1C077C6B0029D91D /* Graphics.xcassets */; };
/* End PBXBuildFile section */

/* Begin PBXContainerItemProxy section */
		9508F6CF1AF52A2B00A8C713 /* PBXContainerItemProxy */ = {
			isa = PBXContainerItemProxy;
			containerPortal = 9508F6B11AF52A2B00A8C713 /* Project object */;
			proxyType = 1;
			remoteGlobalIDString = 9508F6B81AF52A2B00A8C713;
			remoteInfo = Agni;
		};
		9583EC101D8F8C060097D22B /* PBXContainerItemProxy */ = {
			isa = PBXContainerItemProxy;
			containerPortal = 9508F6B11AF52A2B00A8C713 /* Project object */;
			proxyType = 1;
			remoteGlobalIDString = 9583EC0A1D8F8C060097D22B;
			remoteInfo = "Agni Stickers";
		};
/* End PBXContainerItemProxy section */

/* Begin PBXCopyFilesBuildPhase section */
		9583EC081D8F8B8D0097D22B /* Embed App Extensions */ = {
			isa = PBXCopyFilesBuildPhase;
			buildActionMask = 2147483647;
			dstPath = "";
			dstSubfolderSpec = 13;
			files = (
				9583EC121D8F8C060097D22B /* Agni Stickers.appex in Embed App Extensions */,
			);
			name = "Embed App Extensions";
			runOnlyForDeploymentPostprocessing = 0;
		};
/* End PBXCopyFilesBuildPhase section */

/* Begin PBXFileReference section */
		9503F0001B16743F0020A7ED /* GameSounds.swift */ = {isa = PBXFileReference; fileEncoding = 4; lastKnownFileType = sourcecode.swift; path = GameSounds.swift; sourceTree = "<group>"; };
		9508F6B91AF52A2B00A8C713 /* Agni.app */ = {isa = PBXFileReference; explicitFileType = wrapper.application; includeInIndex = 0; path = Agni.app; sourceTree = BUILT_PRODUCTS_DIR; };
		9508F6BD1AF52A2B00A8C713 /* Info.plist */ = {isa = PBXFileReference; lastKnownFileType = text.plist.xml; path = Info.plist; sourceTree = "<group>"; };
		9508F6BE1AF52A2B00A8C713 /* AppDelegate.swift */ = {isa = PBXFileReference; lastKnownFileType = sourcecode.swift; path = AppDelegate.swift; sourceTree = "<group>"; };
		9508F6C31AF52A2B00A8C713 /* Base */ = {isa = PBXFileReference; lastKnownFileType = file.storyboard; name = Base; path = Base.lproj/Main.storyboard; sourceTree = "<group>"; };
		9508F6C81AF52A2B00A8C713 /* Base */ = {isa = PBXFileReference; lastKnownFileType = file.xib; name = Base; path = Base.lproj/LaunchScreen.xib; sourceTree = "<group>"; };
		9508F6CE1AF52A2B00A8C713 /* AgniTests.xctest */ = {isa = PBXFileReference; explicitFileType = wrapper.cfbundle; includeInIndex = 0; path = AgniTests.xctest; sourceTree = BUILT_PRODUCTS_DIR; };
		9508F6D31AF52A2B00A8C713 /* Info.plist */ = {isa = PBXFileReference; lastKnownFileType = text.plist.xml; path = Info.plist; sourceTree = "<group>"; };
		9508F6D41AF52A2B00A8C713 /* AgniTests.swift */ = {isa = PBXFileReference; lastKnownFileType = sourcecode.swift; path = AgniTests.swift; sourceTree = "<group>"; };
		9508F6DE1AF52E4400A8C713 /* AgniViewController.swift */ = {isa = PBXFileReference; fileEncoding = 4; lastKnownFileType = sourcecode.swift; path = AgniViewController.swift; sourceTree = "<group>"; };
		9508F6E01AF52F3A00A8C713 /* Latin1.txt */ = {isa = PBXFileReference; fileEncoding = 4; lastKnownFileType = text; path = Latin1.txt; sourceTree = "<group>"; };
		9508F6F11AF6AE6500A8C713 /* ShakeTransition.swift */ = {isa = PBXFileReference; fileEncoding = 4; lastKnownFileType = sourcecode.swift; path = ShakeTransition.swift; sourceTree = "<group>"; };
		952C86411D43B6A700064CA5 /* CustomListViewController.swift */ = {isa = PBXFileReference; fileEncoding = 4; lastKnownFileType = sourcecode.swift; path = CustomListViewController.swift; sourceTree = "<group>"; };
		952C86431D43B6F700064CA5 /* statsicon.png */ = {isa = PBXFileReference; lastKnownFileType = image.png; path = statsicon.png; sourceTree = "<group>"; };
		952C86451D43B74000064CA5 /* UIImageEffects.h */ = {isa = PBXFileReference; fileEncoding = 4; lastKnownFileType = sourcecode.c.h; path = UIImageEffects.h; sourceTree = "<group>"; };
		952C86461D43B74000064CA5 /* UIImageEffects.m */ = {isa = PBXFileReference; fileEncoding = 4; lastKnownFileType = sourcecode.c.objc; path = UIImageEffects.m; sourceTree = "<group>"; };
		952C86491D43BA5600064CA5 /* Images.xcassets */ = {isa = PBXFileReference; lastKnownFileType = folder.assetcatalog; path = Images.xcassets; sourceTree = "<group>"; };
		953844571BAAFB9F00C7421C /* FinishedViewController.swift */ = {isa = PBXFileReference; fileEncoding = 4; lastKnownFileType = sourcecode.swift; name = FinishedViewController.swift; path = ../FinishedViewController.swift; sourceTree = "<group>"; };
		953F0F5D1BB98E5D00836E5A /* libz.tbd */ = {isa = PBXFileReference; lastKnownFileType = "sourcecode.text-based-dylib-definition"; name = libz.tbd; path = usr/lib/libz.tbd; sourceTree = SDKROOT; };
		953F0F5F1BB98ED700836E5A /* libsqlite3.tbd */ = {isa = PBXFileReference; lastKnownFileType = "sourcecode.text-based-dylib-definition"; name = libsqlite3.tbd; path = usr/lib/libsqlite3.tbd; sourceTree = SDKROOT; };
		9548A6CC1D02055B00290C4A /* Agni.entitlements */ = {isa = PBXFileReference; lastKnownFileType = text.xml; path = Agni.entitlements; sourceTree = "<group>"; };
		9552D5671D04D1D00067146A /* CloudKit.framework */ = {isa = PBXFileReference; lastKnownFileType = wrapper.framework; name = CloudKit.framework; path = System/Library/Frameworks/CloudKit.framework; sourceTree = SDKROOT; };
		95569C3F1D372865007F73FA /* document@44_58.png */ = {isa = PBXFileReference; lastKnownFileType = image.png; path = "document@44_58.png"; sourceTree = "<group>"; };
		95569C401D372865007F73FA /* document@64_64.png */ = {isa = PBXFileReference; lastKnownFileType = image.png; path = "document@64_64.png"; sourceTree = "<group>"; };
		95569C411D372865007F73FA /* document@312_312.png */ = {isa = PBXFileReference; lastKnownFileType = image.png; path = "document@312_312.png"; sourceTree = "<group>"; };
		95569C421D372865007F73FA /* document@22_29.png */ = {isa = PBXFileReference; lastKnownFileType = image.png; path = "document@22_29.png"; sourceTree = "<group>"; };
		95649AA31C2F17EF0052ADEB /* Medal Filled-100.png */ = {isa = PBXFileReference; lastKnownFileType = image.png; path = "Medal Filled-100.png"; sourceTree = "<group>"; };
		95649AA51C2F21030052ADEB /* Achievements.swift */ = {isa = PBXFileReference; fileEncoding = 4; lastKnownFileType = sourcecode.swift; path = Achievements.swift; sourceTree = "<group>"; };
		95649AA71C32268A0052ADEB /* EnglishStarterPack.txt */ = {isa = PBXFileReference; fileEncoding = 4; lastKnownFileType = text; path = EnglishStarterPack.txt; sourceTree = "<group>"; };
		9564C7201D34A13F002F1335 /* ReverseMenuSlideTransition.swift */ = {isa = PBXFileReference; fileEncoding = 4; lastKnownFileType = sourcecode.swift; path = ReverseMenuSlideTransition.swift; sourceTree = "<group>"; };
		957A0D051DD2826B004DB474 /* ChallengeViewController.swift */ = {isa = PBXFileReference; fileEncoding = 4; lastKnownFileType = sourcecode.swift; name = ChallengeViewController.swift; path = ../ChallengeViewController.swift; sourceTree = "<group>"; };
		9583EC0B1D8F8C060097D22B /* Agni Stickers.appex */ = {isa = PBXFileReference; explicitFileType = "wrapper.app-extension"; includeInIndex = 0; path = "Agni Stickers.appex"; sourceTree = BUILT_PRODUCTS_DIR; };
		9583EC0D1D8F8C060097D22B /* Stickers.xcassets */ = {isa = PBXFileReference; lastKnownFileType = folder.assetcatalog; path = Stickers.xcassets; sourceTree = "<group>"; };
		9583EC0F1D8F8C060097D22B /* Info.plist */ = {isa = PBXFileReference; lastKnownFileType = text.plist.xml; path = Info.plist; sourceTree = "<group>"; };
		9583F9A11D2F0E170017A26F /* StatsViewController.swift */ = {isa = PBXFileReference; fileEncoding = 4; lastKnownFileType = sourcecode.swift; path = StatsViewController.swift; sourceTree = "<group>"; };
		9583F9A51D2F0FBA0017A26F /* CircleTransition.swift */ = {isa = PBXFileReference; fileEncoding = 4; lastKnownFileType = sourcecode.swift; path = CircleTransition.swift; sourceTree = "<group>"; };
		9583F9A71D2F39660017A26F /* ReverseCircleTransition.swift */ = {isa = PBXFileReference; fileEncoding = 4; lastKnownFileType = sourcecode.swift; path = ReverseCircleTransition.swift; sourceTree = "<group>"; };
		95897A0E1B86AAB400BBA25C /* iCarousel.h */ = {isa = PBXFileReference; fileEncoding = 4; lastKnownFileType = sourcecode.c.h; path = iCarousel.h; sourceTree = "<group>"; };
		95897A0F1B86AAB400BBA25C /* iCarousel.m */ = {isa = PBXFileReference; fileEncoding = 4; lastKnownFileType = sourcecode.c.objc; path = iCarousel.m; sourceTree = "<group>"; };
		95897A121B86AEED00BBA25C /* SkinPickerViewController.swift */ = {isa = PBXFileReference; fileEncoding = 4; lastKnownFileType = sourcecode.swift; path = SkinPickerViewController.swift; sourceTree = "<group>"; };
		958FFBCF1B4CB66B00F34478 /* DALEK___.ttf */ = {isa = PBXFileReference; lastKnownFileType = file; path = "DALEK___.ttf"; sourceTree = "<group>"; };
		958FFBD61B4DC4D300F34478 /* Reachability.h */ = {isa = PBXFileReference; fileEncoding = 4; lastKnownFileType = sourcecode.c.h; path = Reachability.h; sourceTree = "<group>"; };
		958FFBD71B4DC4D300F34478 /* Reachability.m */ = {isa = PBXFileReference; fileEncoding = 4; lastKnownFileType = sourcecode.c.objc; path = Reachability.m; sourceTree = "<group>"; };
		958FFBDD1B4DC57B00F34478 /* Agni-Bridging-Header.h */ = {isa = PBXFileReference; lastKnownFileType = sourcecode.c.h; path = "Agni-Bridging-Header.h"; sourceTree = "<group>"; };
		959B5CCD1D359B9100292239 /* Xbox Menu Filled-100.png */ = {isa = PBXFileReference; lastKnownFileType = image.png; path = "Xbox Menu Filled-100.png"; sourceTree = "<group>"; };
		959B5CD31D35A15000292239 /* Xbox Menu Filled Rotated-100.png */ = {isa = PBXFileReference; lastKnownFileType = image.png; path = "Xbox Menu Filled Rotated-100.png"; sourceTree = "<group>"; };
		95A639621B18080F00A2A108 /* mute.png */ = {isa = PBXFileReference; lastKnownFileType = image.png; path = mute.png; sourceTree = "<group>"; };
		95A639631B18080F00A2A108 /* sound.png */ = {isa = PBXFileReference; lastKnownFileType = image.png; path = sound.png; sourceTree = "<group>"; };
		95A6396B1B1CE4C700A2A108 /* WelcomeViewController.swift */ = {isa = PBXFileReference; fileEncoding = 4; lastKnownFileType = sourcecode.swift; path = WelcomeViewController.swift; sourceTree = "<group>"; };
		95A639771B1D0AD700A2A108 /* BuySkinsViewController.swift */ = {isa = PBXFileReference; fileEncoding = 4; lastKnownFileType = sourcecode.swift; path = BuySkinsViewController.swift; sourceTree = "<group>"; };
		95A639C51B1F755600A2A108 /* stickfigure small.png */ = {isa = PBXFileReference; lastKnownFileType = image.png; path = "stickfigure small.png"; sourceTree = "<group>"; };
		95A639C71B20D15C00A2A108 /* Store 2.xcdatamodel */ = {isa = PBXFileReference; lastKnownFileType = wrapper.xcdatamodel; path = "Store 2.xcdatamodel"; sourceTree = "<group>"; };
		95A639D01B2282D400A2A108 /* Converter.swift */ = {isa = PBXFileReference; fileEncoding = 4; lastKnownFileType = sourcecode.swift; path = Converter.swift; sourceTree = "<group>"; };
		95A86CAF1AF85E8600E0FB67 /* Store.xcdatamodel */ = {isa = PBXFileReference; lastKnownFileType = wrapper.xcdatamodel; path = Store.xcdatamodel; sourceTree = "<group>"; };
		95A86CB31AF861E700E0FB67 /* CoreData.framework */ = {isa = PBXFileReference; lastKnownFileType = wrapper.framework; name = CoreData.framework; path = System/Library/Frameworks/CoreData.framework; sourceTree = SDKROOT; };
		95A86CB71AF9316C00E0FB67 /* WordListsViewController.swift */ = {isa = PBXFileReference; fileEncoding = 4; lastKnownFileType = sourcecode.swift; path = WordListsViewController.swift; sourceTree = "<group>"; };
		95A86CC91AF966AC00E0FB67 /* AudioToolbox.framework */ = {isa = PBXFileReference; lastKnownFileType = wrapper.framework; name = AudioToolbox.framework; path = System/Library/Frameworks/AudioToolbox.framework; sourceTree = SDKROOT; };
		95A86CCB1AF966B100E0FB67 /* CFNetwork.framework */ = {isa = PBXFileReference; lastKnownFileType = wrapper.framework; name = CFNetwork.framework; path = System/Library/Frameworks/CFNetwork.framework; sourceTree = SDKROOT; };
		95A86CCD1AF966BB00E0FB67 /* CoreGraphics.framework */ = {isa = PBXFileReference; lastKnownFileType = wrapper.framework; name = CoreGraphics.framework; path = System/Library/Frameworks/CoreGraphics.framework; sourceTree = SDKROOT; };
		95A86CCF1AF966BF00E0FB67 /* CoreLocation.framework */ = {isa = PBXFileReference; lastKnownFileType = wrapper.framework; name = CoreLocation.framework; path = System/Library/Frameworks/CoreLocation.framework; sourceTree = SDKROOT; };
		95A86CD11AF966CD00E0FB67 /* MobileCoreServices.framework */ = {isa = PBXFileReference; lastKnownFileType = wrapper.framework; name = MobileCoreServices.framework; path = System/Library/Frameworks/MobileCoreServices.framework; sourceTree = SDKROOT; };
		95A86CD31AF966D200E0FB67 /* QuartzCore.framework */ = {isa = PBXFileReference; lastKnownFileType = wrapper.framework; name = QuartzCore.framework; path = System/Library/Frameworks/QuartzCore.framework; sourceTree = SDKROOT; };
		95A86CD51AF966DA00E0FB67 /* Security.framework */ = {isa = PBXFileReference; lastKnownFileType = wrapper.framework; name = Security.framework; path = System/Library/Frameworks/Security.framework; sourceTree = SDKROOT; };
		95A86CD71AF966DD00E0FB67 /* StoreKit.framework */ = {isa = PBXFileReference; lastKnownFileType = wrapper.framework; name = StoreKit.framework; path = System/Library/Frameworks/StoreKit.framework; sourceTree = SDKROOT; };
		95A86CD91AF966E900E0FB67 /* SystemConfiguration.framework */ = {isa = PBXFileReference; lastKnownFileType = wrapper.framework; name = SystemConfiguration.framework; path = System/Library/Frameworks/SystemConfiguration.framework; sourceTree = SDKROOT; };
		95B303B71D5F79BC0077E92B /* MenuItemTransition.swift */ = {isa = PBXFileReference; fileEncoding = 4; lastKnownFileType = sourcecode.swift; name = MenuItemTransition.swift; path = ../MenuItemTransition.swift; sourceTree = "<group>"; };
		95B303B91D5F79DE0077E92B /* ReverseMenuItemTransition.swift */ = {isa = PBXFileReference; fileEncoding = 4; lastKnownFileType = sourcecode.swift; path = ReverseMenuItemTransition.swift; sourceTree = "<group>"; };
		95B303BB1D5F7BCF0077E92B /* MenuItemInteractor.swift */ = {isa = PBXFileReference; fileEncoding = 4; lastKnownFileType = sourcecode.swift; path = MenuItemInteractor.swift; sourceTree = "<group>"; };
		95B303BD1D6160180077E92B /* MenuItemViewController.swift */ = {isa = PBXFileReference; fileEncoding = 4; lastKnownFileType = sourcecode.swift; path = MenuItemViewController.swift; sourceTree = "<group>"; };
		95C9B6E41B7C3A920099A7D2 /* QTRomanNumerals.swift */ = {isa = PBXFileReference; fileEncoding = 4; lastKnownFileType = sourcecode.swift; path = QTRomanNumerals.swift; sourceTree = "<group>"; };
		95CF7E201AFAFFAE007D2F27 /* Refresh-100.png */ = {isa = PBXFileReference; lastKnownFileType = image.png; path = "Refresh-100.png"; sourceTree = "<group>"; };
		95D9F50B1D31A2160083A7C6 /* MenuViewController.swift */ = {isa = PBXFileReference; fileEncoding = 4; lastKnownFileType = sourcecode.swift; name = MenuViewController.swift; path = ../MenuViewController.swift; sourceTree = "<group>"; };
		95D9F50D1D31A8780083A7C6 /* MenuSlideTransition.swift */ = {isa = PBXFileReference; fileEncoding = 4; lastKnownFileType = sourcecode.swift; path = MenuSlideTransition.swift; sourceTree = "<group>"; };
		95D9F50F1D3307DE0083A7C6 /* MenuItemView.swift */ = {isa = PBXFileReference; fileEncoding = 4; lastKnownFileType = sourcecode.swift; path = MenuItemView.swift; sourceTree = "<group>"; };
		95E53B6D1B14DF7F00F7BC4A /* AVFoundation.framework */ = {isa = PBXFileReference; lastKnownFileType = wrapper.framework; name = AVFoundation.framework; path = System/Library/Frameworks/AVFoundation.framework; sourceTree = SDKROOT; };
		95E652821D1742CB00B3F0A3 /* sheep_large.png */ = {isa = PBXFileReference; lastKnownFileType = image.png; path = sheep_large.png; sourceTree = "<group>"; };
		95E652841D1742E800B3F0A3 /* SkinsBg.png */ = {isa = PBXFileReference; lastKnownFileType = image.png; path = SkinsBg.png; sourceTree = "<group>"; };
		95E652881D17436400B3F0A3 /* BackgroundMusic.m4a */ = {isa = PBXFileReference; lastKnownFileType = file; path = BackgroundMusic.m4a; sourceTree = "<group>"; };
		95E652891D17436400B3F0A3 /* correctSound.wav */ = {isa = PBXFileReference; lastKnownFileType = audio.wav; path = correctSound.wav; sourceTree = "<group>"; };
		95E6528A1D17436400B3F0A3 /* failure.wav */ = {isa = PBXFileReference; lastKnownFileType = audio.wav; path = failure.wav; sourceTree = "<group>"; };
		95E6528B1D17436400B3F0A3 /* gong.wav */ = {isa = PBXFileReference; lastKnownFileType = audio.wav; path = gong.wav; sourceTree = "<group>"; };
		95E6528C1D17436400B3F0A3 /* incorrectSound.wav */ = {isa = PBXFileReference; lastKnownFileType = audio.wav; path = incorrectSound.wav; sourceTree = "<group>"; };
		95E6528D1D17436400B3F0A3 /* lightgong.aif */ = {isa = PBXFileReference; lastKnownFileType = file; path = lightgong.aif; sourceTree = "<group>"; };
		95E6528E1D17436400B3F0A3 /* loss.wav */ = {isa = PBXFileReference; lastKnownFileType = audio.wav; path = loss.wav; sourceTree = "<group>"; };
		95E6528F1D17436400B3F0A3 /* win.wav */ = {isa = PBXFileReference; lastKnownFileType = audio.wav; path = win.wav; sourceTree = "<group>"; };
		95EA93F31AF9A70F00766E92 /* Agni-Bridging-Header.h */ = {isa = PBXFileReference; lastKnownFileType = sourcecode.c.h; path = "Agni-Bridging-Header.h"; sourceTree = "<group>"; };
		95EE81751DA42F4A004F998A /* Dice-100.png */ = {isa = PBXFileReference; lastKnownFileType = image.png; path = "Dice-100.png"; sourceTree = "<group>"; };
		95EFAFEF1D1CD514001B86ED /* OneSignal.framework */ = {isa = PBXFileReference; lastKnownFileType = wrapper.framework; path = OneSignal.framework; sourceTree = "<group>"; };
		95F21F5F1D388397003C0203 /* ListCreatorViewController.swift */ = {isa = PBXFileReference; fileEncoding = 4; lastKnownFileType = sourcecode.swift; path = ListCreatorViewController.swift; sourceTree = "<group>"; };
		95F21F611D389806003C0203 /* Checkmark-100.png */ = {isa = PBXFileReference; lastKnownFileType = image.png; path = "Checkmark-100.png"; sourceTree = "<group>"; };
		95F21F631D39B782003C0203 /* NewListViewController.swift */ = {isa = PBXFileReference; fileEncoding = 4; lastKnownFileType = sourcecode.swift; path = NewListViewController.swift; sourceTree = "<group>"; };
		95F552F11B9BC9C700E631BF /* WhatsNewViewController.swift */ = {isa = PBXFileReference; fileEncoding = 4; lastKnownFileType = sourcecode.swift; path = WhatsNewViewController.swift; sourceTree = "<group>"; };
		95FA549B1C075F190029D91D /* GameKit.framework */ = {isa = PBXFileReference; lastKnownFileType = wrapper.framework; name = GameKit.framework; path = System/Library/Frameworks/GameKit.framework; sourceTree = SDKROOT; };
		95FA549F1C077C6B0029D91D /* Graphics.xcassets */ = {isa = PBXFileReference; lastKnownFileType = folder.assetcatalog; path = Graphics.xcassets; sourceTree = "<group>"; };
		95FA54A11C079C850029D91D /* Store 3.xcdatamodel */ = {isa = PBXFileReference; lastKnownFileType = wrapper.xcdatamodel; path = "Store 3.xcdatamodel"; sourceTree = "<group>"; };
/* End PBXFileReference section */

/* Begin PBXFrameworksBuildPhase section */
		9508F6B61AF52A2B00A8C713 /* Frameworks */ = {
			isa = PBXFrameworksBuildPhase;
			buildActionMask = 2147483647;
			files = (
				95A86CDA1AF966E900E0FB67 /* SystemConfiguration.framework in Frameworks */,
				953F0F601BB98ED700836E5A /* libsqlite3.tbd in Frameworks */,
				953F0F5E1BB98E5D00836E5A /* libz.tbd in Frameworks */,
				95E53B6E1B14DF7F00F7BC4A /* AVFoundation.framework in Frameworks */,
				9552D5681D04D1D00067146A /* CloudKit.framework in Frameworks */,
				95A86CD81AF966DD00E0FB67 /* StoreKit.framework in Frameworks */,
				95A86CD61AF966DA00E0FB67 /* Security.framework in Frameworks */,
				95A86CD41AF966D200E0FB67 /* QuartzCore.framework in Frameworks */,
				95A86CD21AF966CD00E0FB67 /* MobileCoreServices.framework in Frameworks */,
				95A86CD01AF966BF00E0FB67 /* CoreLocation.framework in Frameworks */,
				95A86CCE1AF966BB00E0FB67 /* CoreGraphics.framework in Frameworks */,
				95A86CCC1AF966B100E0FB67 /* CFNetwork.framework in Frameworks */,
				95A86CCA1AF966AC00E0FB67 /* AudioToolbox.framework in Frameworks */,
				95A86CB41AF861E700E0FB67 /* CoreData.framework in Frameworks */,
				95FA549C1C075F190029D91D /* GameKit.framework in Frameworks */,
				95EFAFF01D1CD514001B86ED /* OneSignal.framework in Frameworks */,
			);
			runOnlyForDeploymentPostprocessing = 0;
		};
		9508F6CB1AF52A2B00A8C713 /* Frameworks */ = {
			isa = PBXFrameworksBuildPhase;
			buildActionMask = 2147483647;
			files = (
			);
			runOnlyForDeploymentPostprocessing = 0;
		};
/* End PBXFrameworksBuildPhase section */

/* Begin PBXGroup section */
		9508F6B01AF52A2B00A8C713 = {
			isa = PBXGroup;
			children = (
				958FFBDD1B4DC57B00F34478 /* Agni-Bridging-Header.h */,
				9508F6BB1AF52A2B00A8C713 /* Agni */,
				9508F6D11AF52A2B00A8C713 /* AgniTests */,
				9583EC0C1D8F8C060097D22B /* Agni Stickers */,
				9508F6BA1AF52A2B00A8C713 /* Products */,
				95A86CDF1AF9671700E0FB67 /* Libraries */,
			);
			sourceTree = "<group>";
		};
		9508F6BA1AF52A2B00A8C713 /* Products */ = {
			isa = PBXGroup;
			children = (
				9508F6B91AF52A2B00A8C713 /* Agni.app */,
				9508F6CE1AF52A2B00A8C713 /* AgniTests.xctest */,
				9583EC0B1D8F8C060097D22B /* Agni Stickers.appex */,
			);
			name = Products;
			sourceTree = "<group>";
		};
		9508F6BB1AF52A2B00A8C713 /* Agni */ = {
			isa = PBXGroup;
			children = (
				9508F6BE1AF52A2B00A8C713 /* AppDelegate.swift */,
				9508F6FA1AF7B77400A8C713 /* Model */,
				9508F6FB1AF7B77A00A8C713 /* View */,
				9508F6F91AF7B76500A8C713 /* Controller */,
				9508F6FC1AF7B79B00A8C713 /* Resources */,
				9508F6BC1AF52A2B00A8C713 /* Supporting Files */,
			);
			path = Agni;
			sourceTree = "<group>";
		};
		9508F6BC1AF52A2B00A8C713 /* Supporting Files */ = {
			isa = PBXGroup;
			children = (
				9548A6CC1D02055B00290C4A /* Agni.entitlements */,
				9508F6BD1AF52A2B00A8C713 /* Info.plist */,
			);
			name = "Supporting Files";
			sourceTree = "<group>";
		};
		9508F6D11AF52A2B00A8C713 /* AgniTests */ = {
			isa = PBXGroup;
			children = (
				9508F6D41AF52A2B00A8C713 /* AgniTests.swift */,
				9508F6D21AF52A2B00A8C713 /* Supporting Files */,
			);
			path = AgniTests;
			sourceTree = "<group>";
		};
		9508F6D21AF52A2B00A8C713 /* Supporting Files */ = {
			isa = PBXGroup;
			children = (
				9508F6D31AF52A2B00A8C713 /* Info.plist */,
			);
			name = "Supporting Files";
			sourceTree = "<group>";
		};
		9508F6E81AF679AE00A8C713 /* Images */ = {
			isa = PBXGroup;
			children = (
				95FA549F1C077C6B0029D91D /* Graphics.xcassets */,
				95569C3F1D372865007F73FA /* document@44_58.png */,
				95569C401D372865007F73FA /* document@64_64.png */,
				95569C411D372865007F73FA /* document@312_312.png */,
				95569C421D372865007F73FA /* document@22_29.png */,
				959B5CCD1D359B9100292239 /* Xbox Menu Filled-100.png */,
				959B5CD31D35A15000292239 /* Xbox Menu Filled Rotated-100.png */,
				95EE81751DA42F4A004F998A /* Dice-100.png */,
				95649AA31C2F17EF0052ADEB /* Medal Filled-100.png */,
				95E652821D1742CB00B3F0A3 /* sheep_large.png */,
				95E652841D1742E800B3F0A3 /* SkinsBg.png */,
				95A639621B18080F00A2A108 /* mute.png */,
				95A639631B18080F00A2A108 /* sound.png */,
				95A639C51B1F755600A2A108 /* stickfigure small.png */,
				95F21F611D389806003C0203 /* Checkmark-100.png */,
				95CF7E201AFAFFAE007D2F27 /* Refresh-100.png */,
				952C86431D43B6F700064CA5 /* statsicon.png */,
			);
			name = Images;
			sourceTree = "<group>";
		};
		9508F6F91AF7B76500A8C713 /* Controller */ = {
			isa = PBXGroup;
			children = (
				959CFB3D1C3B69D100D86CC2 /* Utility Classes */,
				9508F6DE1AF52E4400A8C713 /* AgniViewController.swift */,
				953844571BAAFB9F00C7421C /* FinishedViewController.swift */,
				95D9F50B1D31A2160083A7C6 /* MenuViewController.swift */,
				95B303BD1D6160180077E92B /* MenuItemViewController.swift */,
				95A86CB71AF9316C00E0FB67 /* WordListsViewController.swift */,
				957A0D071DD28284004DB474 /* Challenge */,
				95F21F651D39B78A003C0203 /* List Creation */,
				95897A121B86AEED00BBA25C /* SkinPickerViewController.swift */,
				95A639771B1D0AD700A2A108 /* BuySkinsViewController.swift */,
				9583F9A11D2F0E170017A26F /* StatsViewController.swift */,
				95A6396B1B1CE4C700A2A108 /* WelcomeViewController.swift */,
				95F552F11B9BC9C700E631BF /* WhatsNewViewController.swift */,
			);
			name = Controller;
			sourceTree = "<group>";
		};
		9508F6FA1AF7B77400A8C713 /* Model */ = {
			isa = PBXGroup;
			children = (
				95A86CAE1AF85E8600E0FB67 /* Store.xcdatamodeld */,
				9508F6F11AF6AE6500A8C713 /* ShakeTransition.swift */,
				9583F9A51D2F0FBA0017A26F /* CircleTransition.swift */,
				9583F9A71D2F39660017A26F /* ReverseCircleTransition.swift */,
				95D9F50D1D31A8780083A7C6 /* MenuSlideTransition.swift */,
				9564C7201D34A13F002F1335 /* ReverseMenuSlideTransition.swift */,
				95B303B71D5F79BC0077E92B /* MenuItemTransition.swift */,
				95B303B91D5F79DE0077E92B /* ReverseMenuItemTransition.swift */,
				95B303BB1D5F7BCF0077E92B /* MenuItemInteractor.swift */,
				95C9B6E41B7C3A920099A7D2 /* QTRomanNumerals.swift */,
				95D9F50F1D3307DE0083A7C6 /* MenuItemView.swift */,
			);
			name = Model;
			sourceTree = "<group>";
		};
		9508F6FB1AF7B77A00A8C713 /* View */ = {
			isa = PBXGroup;
			children = (
				9508F6C21AF52A2B00A8C713 /* Main.storyboard */,
				9508F6C71AF52A2B00A8C713 /* LaunchScreen.xib */,
			);
			name = View;
			sourceTree = "<group>";
		};
		9508F6FC1AF7B79B00A8C713 /* Resources */ = {
			isa = PBXGroup;
			children = (
				958FFBCF1B4CB66B00F34478 /* DALEK___.ttf */,
				952C86491D43BA5600064CA5 /* Images.xcassets */,
				95A639661B18081800A2A108 /* Sounds */,
				9508F6E81AF679AE00A8C713 /* Images */,
				9508F6E01AF52F3A00A8C713 /* Latin1.txt */,
				95649AA71C32268A0052ADEB /* EnglishStarterPack.txt */,
			);
			name = Resources;
			sourceTree = "<group>";
		};
		952C86481D43B74500064CA5 /* UIImageEffects */ = {
			isa = PBXGroup;
			children = (
				952C86451D43B74000064CA5 /* UIImageEffects.h */,
				952C86461D43B74000064CA5 /* UIImageEffects.m */,
			);
			name = UIImageEffects;
			sourceTree = "<group>";
		};
		957A0D071DD28284004DB474 /* Challenge */ = {
			isa = PBXGroup;
			children = (
				957A0D051DD2826B004DB474 /* ChallengeViewController.swift */,
			);
			name = Challenge;
			sourceTree = "<group>";
		};
		9583EC0C1D8F8C060097D22B /* Agni Stickers */ = {
			isa = PBXGroup;
			children = (
				9583EC0D1D8F8C060097D22B /* Stickers.xcassets */,
				9583EC0F1D8F8C060097D22B /* Info.plist */,
			);
			path = "Agni Stickers";
			sourceTree = "<group>";
		};
		95897A111B86AABA00BBA25C /* iCarousel */ = {
			isa = PBXGroup;
			children = (
				95897A0E1B86AAB400BBA25C /* iCarousel.h */,
				95897A0F1B86AAB400BBA25C /* iCarousel.m */,
			);
			name = iCarousel;
			sourceTree = "<group>";
		};
		958FFBDE1B4DC58F00F34478 /* Reachability */ = {
			isa = PBXGroup;
			children = (
				958FFBD61B4DC4D300F34478 /* Reachability.h */,
				958FFBD71B4DC4D300F34478 /* Reachability.m */,
			);
			name = Reachability;
			sourceTree = "<group>";
		};
		959CFB3D1C3B69D100D86CC2 /* Utility Classes */ = {
			isa = PBXGroup;
			children = (
				95A639D01B2282D400A2A108 /* Converter.swift */,
				95649AA51C2F21030052ADEB /* Achievements.swift */,
				9503F0001B16743F0020A7ED /* GameSounds.swift */,
			);
			name = "Utility Classes";
			sourceTree = "<group>";
		};
		95A639661B18081800A2A108 /* Sounds */ = {
			isa = PBXGroup;
			children = (
				95E652881D17436400B3F0A3 /* BackgroundMusic.m4a */,
				95E652891D17436400B3F0A3 /* correctSound.wav */,
				95E6528A1D17436400B3F0A3 /* failure.wav */,
				95E6528B1D17436400B3F0A3 /* gong.wav */,
				95E6528C1D17436400B3F0A3 /* incorrectSound.wav */,
				95E6528D1D17436400B3F0A3 /* lightgong.aif */,
				95E6528E1D17436400B3F0A3 /* loss.wav */,
				95E6528F1D17436400B3F0A3 /* win.wav */,
			);
			name = Sounds;
			sourceTree = "<group>";
		};
		95A86CDF1AF9671700E0FB67 /* Libraries */ = {
			isa = PBXGroup;
			children = (
				952C86481D43B74500064CA5 /* UIImageEffects */,
				95EFAFEF1D1CD514001B86ED /* OneSignal.framework */,
				9552D5671D04D1D00067146A /* CloudKit.framework */,
				95FA549B1C075F190029D91D /* GameKit.framework */,
				953F0F5F1BB98ED700836E5A /* libsqlite3.tbd */,
				953F0F5D1BB98E5D00836E5A /* libz.tbd */,
				95897A111B86AABA00BBA25C /* iCarousel */,
				958FFBDE1B4DC58F00F34478 /* Reachability */,
				95E53B6D1B14DF7F00F7BC4A /* AVFoundation.framework */,
				95A86CD91AF966E900E0FB67 /* SystemConfiguration.framework */,
				95A86CD71AF966DD00E0FB67 /* StoreKit.framework */,
				95A86CD51AF966DA00E0FB67 /* Security.framework */,
				95A86CD31AF966D200E0FB67 /* QuartzCore.framework */,
				95A86CD11AF966CD00E0FB67 /* MobileCoreServices.framework */,
				95A86CCF1AF966BF00E0FB67 /* CoreLocation.framework */,
				95A86CCD1AF966BB00E0FB67 /* CoreGraphics.framework */,
				95A86CCB1AF966B100E0FB67 /* CFNetwork.framework */,
				95A86CC91AF966AC00E0FB67 /* AudioToolbox.framework */,
				95A86CB31AF861E700E0FB67 /* CoreData.framework */,
				95EA93F31AF9A70F00766E92 /* Agni-Bridging-Header.h */,
			);
			name = Libraries;
			sourceTree = "<group>";
		};
		95F21F651D39B78A003C0203 /* List Creation */ = {
			isa = PBXGroup;
			children = (
				95F21F5F1D388397003C0203 /* ListCreatorViewController.swift */,
				95F21F631D39B782003C0203 /* NewListViewController.swift */,
				952C86411D43B6A700064CA5 /* CustomListViewController.swift */,
			);
			name = "List Creation";
			sourceTree = "<group>";
		};
/* End PBXGroup section */

/* Begin PBXNativeTarget section */
		9508F6B81AF52A2B00A8C713 /* Agni */ = {
			isa = PBXNativeTarget;
			buildConfigurationList = 9508F6D81AF52A2B00A8C713 /* Build configuration list for PBXNativeTarget "Agni" */;
			buildPhases = (
				9508F6B51AF52A2B00A8C713 /* Sources */,
				9508F6B61AF52A2B00A8C713 /* Frameworks */,
				9508F6B71AF52A2B00A8C713 /* Resources */,
				9583EC081D8F8B8D0097D22B /* Embed App Extensions */,
			);
			buildRules = (
			);
			dependencies = (
				9583EC111D8F8C060097D22B /* PBXTargetDependency */,
			);
			name = Agni;
			productName = Agni;
			productReference = 9508F6B91AF52A2B00A8C713 /* Agni.app */;
			productType = "com.apple.product-type.application";
		};
		9508F6CD1AF52A2B00A8C713 /* AgniTests */ = {
			isa = PBXNativeTarget;
			buildConfigurationList = 9508F6DB1AF52A2B00A8C713 /* Build configuration list for PBXNativeTarget "AgniTests" */;
			buildPhases = (
				9508F6CA1AF52A2B00A8C713 /* Sources */,
				9508F6CB1AF52A2B00A8C713 /* Frameworks */,
				9508F6CC1AF52A2B00A8C713 /* Resources */,
			);
			buildRules = (
			);
			dependencies = (
				9508F6D01AF52A2B00A8C713 /* PBXTargetDependency */,
			);
			name = AgniTests;
			productName = AgniTests;
			productReference = 9508F6CE1AF52A2B00A8C713 /* AgniTests.xctest */;
			productType = "com.apple.product-type.bundle.unit-test";
		};
		9583EC0A1D8F8C060097D22B /* Agni Stickers */ = {
			isa = PBXNativeTarget;
			buildConfigurationList = 9583EC131D8F8C060097D22B /* Build configuration list for PBXNativeTarget "Agni Stickers" */;
			buildPhases = (
				9583EC091D8F8C060097D22B /* Resources */,
			);
			buildRules = (
			);
			dependencies = (
			);
			name = "Agni Stickers";
			productName = "Agni Stickers";
			productReference = 9583EC0B1D8F8C060097D22B /* Agni Stickers.appex */;
			productType = "com.apple.product-type.app-extension.messages-sticker-pack";
		};
/* End PBXNativeTarget section */

/* Begin PBXProject section */
		9508F6B11AF52A2B00A8C713 /* Project object */ = {
			isa = PBXProject;
			attributes = {
				LastSwiftMigration = 0700;
				LastSwiftUpdateCheck = 0700;
				LastUpgradeCheck = 0800;
				ORGANIZATIONNAME = "Michael Ginn";
				TargetAttributes = {
					9508F6B81AF52A2B00A8C713 = {
						CreatedOnToolsVersion = 6.3.1;
						DevelopmentTeam = UB6P2G6766;
						LastSwiftMigration = 0800;
						ProvisioningStyle = Automatic;
						SystemCapabilities = {
							com.apple.BackgroundModes = {
								enabled = 1;
							};
							com.apple.GameCenter = {
								enabled = 1;
							};
							com.apple.Push = {
								enabled = 1;
							};
							com.apple.iCloud = {
								enabled = 1;
							};
						};
					};
					9508F6CD1AF52A2B00A8C713 = {
						CreatedOnToolsVersion = 6.3.1;
						DevelopmentTeam = UB6P2G6766;
						LastSwiftMigration = 0800;
						TestTargetID = 9508F6B81AF52A2B00A8C713;
					};
					9583EC0A1D8F8C060097D22B = {
						CreatedOnToolsVersion = 8.0;
						DevelopmentTeam = UB6P2G6766;
						ProvisioningStyle = Automatic;
					};
				};
			};
			buildConfigurationList = 9508F6B41AF52A2B00A8C713 /* Build configuration list for PBXProject "Agni" */;
			compatibilityVersion = "Xcode 3.2";
			developmentRegion = English;
			hasScannedForEncodings = 0;
			knownRegions = (
				en,
				Base,
			);
			mainGroup = 9508F6B01AF52A2B00A8C713;
			productRefGroup = 9508F6BA1AF52A2B00A8C713 /* Products */;
			projectDirPath = "";
			projectRoot = "";
			targets = (
				9508F6B81AF52A2B00A8C713 /* Agni */,
				9508F6CD1AF52A2B00A8C713 /* AgniTests */,
				9583EC0A1D8F8C060097D22B /* Agni Stickers */,
			);
		};
/* End PBXProject section */

/* Begin PBXResourcesBuildPhase section */
		9508F6B71AF52A2B00A8C713 /* Resources */ = {
			isa = PBXResourcesBuildPhase;
			buildActionMask = 2147483647;
			files = (
				95E652971D17436400B3F0A3 /* win.wav in Resources */,
				958FFBD01B4CB6F000F34478 /* DALEK___.ttf in Resources */,
				95FA54A01C077C6B0029D91D /* Graphics.xcassets in Resources */,
				95EE81761DA42F4A004F998A /* Dice-100.png in Resources */,
				95E652941D17436400B3F0A3 /* incorrectSound.wav in Resources */,
				9508F6C41AF52A2B00A8C713 /* Main.storyboard in Resources */,
				952C864A1D43BA5600064CA5 /* Images.xcassets in Resources */,
				95569C441D372865007F73FA /* document@64_64.png in Resources */,
				95649AA81C32268A0052ADEB /* EnglishStarterPack.txt in Resources */,
				95569C451D372865007F73FA /* document@312_312.png in Resources */,
				95E652951D17436400B3F0A3 /* lightgong.aif in Resources */,
				95CF7E211AFAFFAE007D2F27 /* Refresh-100.png in Resources */,
				9508F6C91AF52A2B00A8C713 /* LaunchScreen.xib in Resources */,
				9508F6E11AF52F3A00A8C713 /* Latin1.txt in Resources */,
				95569C431D372865007F73FA /* document@44_58.png in Resources */,
				95E652831D1742CB00B3F0A3 /* sheep_large.png in Resources */,
				95A639651B18080F00A2A108 /* sound.png in Resources */,
				95F21F621D389806003C0203 /* Checkmark-100.png in Resources */,
				95E652901D17436400B3F0A3 /* BackgroundMusic.m4a in Resources */,
				952C86441D43B6F700064CA5 /* statsicon.png in Resources */,
				95E652961D17436400B3F0A3 /* loss.wav in Resources */,
				95E652851D1742E800B3F0A3 /* SkinsBg.png in Resources */,
				95A639641B18080F00A2A108 /* mute.png in Resources */,
				95A639C61B1F755600A2A108 /* stickfigure small.png in Resources */,
				959B5CD41D35A15000292239 /* Xbox Menu Filled Rotated-100.png in Resources */,
				95E652911D17436400B3F0A3 /* correctSound.wav in Resources */,
				95E652921D17436400B3F0A3 /* failure.wav in Resources */,
				95649AA41C2F17EF0052ADEB /* Medal Filled-100.png in Resources */,
				95569C461D372865007F73FA /* document@22_29.png in Resources */,
				95E652931D17436400B3F0A3 /* gong.wav in Resources */,
				959B5CCE1D359B9100292239 /* Xbox Menu Filled-100.png in Resources */,
			);
			runOnlyForDeploymentPostprocessing = 0;
		};
		9508F6CC1AF52A2B00A8C713 /* Resources */ = {
			isa = PBXResourcesBuildPhase;
			buildActionMask = 2147483647;
			files = (
			);
			runOnlyForDeploymentPostprocessing = 0;
		};
		9583EC091D8F8C060097D22B /* Resources */ = {
			isa = PBXResourcesBuildPhase;
			buildActionMask = 2147483647;
			files = (
				9583EC0E1D8F8C060097D22B /* Stickers.xcassets in Resources */,
			);
			runOnlyForDeploymentPostprocessing = 0;
		};
/* End PBXResourcesBuildPhase section */

/* Begin PBXSourcesBuildPhase section */
		9508F6B51AF52A2B00A8C713 /* Sources */ = {
			isa = PBXSourcesBuildPhase;
			buildActionMask = 2147483647;
			files = (
				953844581BAAFB9F00C7421C /* FinishedViewController.swift in Sources */,
				95A86CB81AF9316C00E0FB67 /* WordListsViewController.swift in Sources */,
				95A6396C1B1CE4C700A2A108 /* WelcomeViewController.swift in Sources */,
				95F552F21B9BC9C700E631BF /* WhatsNewViewController.swift in Sources */,
				95649AA61C2F21030052ADEB /* Achievements.swift in Sources */,
				952C86471D43B74000064CA5 /* UIImageEffects.m in Sources */,
				95B303B81D5F79BC0077E92B /* MenuItemTransition.swift in Sources */,
				958FFBD81B4DC4D300F34478 /* Reachability.m in Sources */,
				95B303BC1D5F7BCF0077E92B /* MenuItemInteractor.swift in Sources */,
				9564C7211D34A13F002F1335 /* ReverseMenuSlideTransition.swift in Sources */,
				9583F9A61D2F0FBA0017A26F /* CircleTransition.swift in Sources */,
				95A639D11B2282D400A2A108 /* Converter.swift in Sources */,
				95C9B6E51B7C3A920099A7D2 /* QTRomanNumerals.swift in Sources */,
				95F21F641D39B782003C0203 /* NewListViewController.swift in Sources */,
				95F21F601D388397003C0203 /* ListCreatorViewController.swift in Sources */,
				95B303BE1D6160180077E92B /* MenuItemViewController.swift in Sources */,
				95B303BA1D5F79DE0077E92B /* ReverseMenuItemTransition.swift in Sources */,
				95A639781B1D0AD700A2A108 /* BuySkinsViewController.swift in Sources */,
				9508F6BF1AF52A2B00A8C713 /* AppDelegate.swift in Sources */,
				9583F9A81D2F39660017A26F /* ReverseCircleTransition.swift in Sources */,
				95897A131B86AEED00BBA25C /* SkinPickerViewController.swift in Sources */,
				9508F6DF1AF52E4400A8C713 /* AgniViewController.swift in Sources */,
				95A86CB01AF85E8600E0FB67 /* Store.xcdatamodeld in Sources */,
				95897A101B86AAB400BBA25C /* iCarousel.m in Sources */,
				9508F6F21AF6AE6500A8C713 /* ShakeTransition.swift in Sources */,
				9503F0011B16743F0020A7ED /* GameSounds.swift in Sources */,
				957A0D061DD2826B004DB474 /* ChallengeViewController.swift in Sources */,
				9583F9A21D2F0E170017A26F /* StatsViewController.swift in Sources */,
				95D9F50E1D31A8780083A7C6 /* MenuSlideTransition.swift in Sources */,
				95D9F50C1D31A2160083A7C6 /* MenuViewController.swift in Sources */,
				95D9F5101D3307DE0083A7C6 /* MenuItemView.swift in Sources */,
				952C86421D43B6A700064CA5 /* CustomListViewController.swift in Sources */,
			);
			runOnlyForDeploymentPostprocessing = 0;
		};
		9508F6CA1AF52A2B00A8C713 /* Sources */ = {
			isa = PBXSourcesBuildPhase;
			buildActionMask = 2147483647;
			files = (
				9508F6D51AF52A2B00A8C713 /* AgniTests.swift in Sources */,
			);
			runOnlyForDeploymentPostprocessing = 0;
		};
/* End PBXSourcesBuildPhase section */

/* Begin PBXTargetDependency section */
		9508F6D01AF52A2B00A8C713 /* PBXTargetDependency */ = {
			isa = PBXTargetDependency;
			target = 9508F6B81AF52A2B00A8C713 /* Agni */;
			targetProxy = 9508F6CF1AF52A2B00A8C713 /* PBXContainerItemProxy */;
		};
		9583EC111D8F8C060097D22B /* PBXTargetDependency */ = {
			isa = PBXTargetDependency;
			target = 9583EC0A1D8F8C060097D22B /* Agni Stickers */;
			targetProxy = 9583EC101D8F8C060097D22B /* PBXContainerItemProxy */;
		};
/* End PBXTargetDependency section */

/* Begin PBXVariantGroup section */
		9508F6C21AF52A2B00A8C713 /* Main.storyboard */ = {
			isa = PBXVariantGroup;
			children = (
				9508F6C31AF52A2B00A8C713 /* Base */,
			);
			name = Main.storyboard;
			sourceTree = "<group>";
		};
		9508F6C71AF52A2B00A8C713 /* LaunchScreen.xib */ = {
			isa = PBXVariantGroup;
			children = (
				9508F6C81AF52A2B00A8C713 /* Base */,
			);
			name = LaunchScreen.xib;
			sourceTree = "<group>";
		};
/* End PBXVariantGroup section */

/* Begin XCBuildConfiguration section */
		9508F6D61AF52A2B00A8C713 /* Debug */ = {
			isa = XCBuildConfiguration;
			buildSettings = {
				ALWAYS_SEARCH_USER_PATHS = NO;
				CLANG_CXX_LANGUAGE_STANDARD = "gnu++0x";
				CLANG_CXX_LIBRARY = "libc++";
				CLANG_ENABLE_MODULES = YES;
				CLANG_ENABLE_OBJC_ARC = YES;
				CLANG_WARN_BOOL_CONVERSION = YES;
				CLANG_WARN_CONSTANT_CONVERSION = YES;
				CLANG_WARN_DIRECT_OBJC_ISA_USAGE = YES_ERROR;
				CLANG_WARN_EMPTY_BODY = YES;
				CLANG_WARN_ENUM_CONVERSION = YES;
				CLANG_WARN_INFINITE_RECURSION = YES;
				CLANG_WARN_INT_CONVERSION = YES;
				CLANG_WARN_OBJC_ROOT_CLASS = YES_ERROR;
				CLANG_WARN_SUSPICIOUS_MOVE = YES;
				CLANG_WARN_UNREACHABLE_CODE = YES;
				CLANG_WARN__DUPLICATE_METHOD_MATCH = YES;
				CODE_SIGN_IDENTITY = "iPhone Developer";
				"CODE_SIGN_IDENTITY[sdk=iphoneos*]" = "iPhone Developer";
				COPY_PHASE_STRIP = NO;
				DEBUG_INFORMATION_FORMAT = "dwarf-with-dsym";
				ENABLE_BITCODE = NO;
				ENABLE_STRICT_OBJC_MSGSEND = YES;
				ENABLE_TESTABILITY = YES;
				GCC_C_LANGUAGE_STANDARD = gnu99;
				GCC_DYNAMIC_NO_PIC = NO;
				GCC_NO_COMMON_BLOCKS = YES;
				GCC_OPTIMIZATION_LEVEL = 0;
				GCC_PREPROCESSOR_DEFINITIONS = (
					"DEBUG=1",
					"$(inherited)",
				);
				GCC_SYMBOLS_PRIVATE_EXTERN = NO;
				GCC_WARN_64_TO_32_BIT_CONVERSION = YES;
				GCC_WARN_ABOUT_RETURN_TYPE = YES_ERROR;
				GCC_WARN_UNDECLARED_SELECTOR = YES;
				GCC_WARN_UNINITIALIZED_AUTOS = YES_AGGRESSIVE;
				GCC_WARN_UNUSED_FUNCTION = YES;
				GCC_WARN_UNUSED_VARIABLE = YES;
				IPHONEOS_DEPLOYMENT_TARGET = 8.0;
				MTL_ENABLE_DEBUG_INFO = YES;
				ONLY_ACTIVE_ARCH = YES;
				PROVISIONING_PROFILE = "";
				SDKROOT = iphoneos;
				SWIFT_OPTIMIZATION_LEVEL = "-Onone";
				TARGETED_DEVICE_FAMILY = "1,2";
			};
			name = Debug;
		};
		9508F6D71AF52A2B00A8C713 /* Release */ = {
			isa = XCBuildConfiguration;
			buildSettings = {
				ALWAYS_SEARCH_USER_PATHS = NO;
				CLANG_CXX_LANGUAGE_STANDARD = "gnu++0x";
				CLANG_CXX_LIBRARY = "libc++";
				CLANG_ENABLE_MODULES = YES;
				CLANG_ENABLE_OBJC_ARC = YES;
				CLANG_WARN_BOOL_CONVERSION = YES;
				CLANG_WARN_CONSTANT_CONVERSION = YES;
				CLANG_WARN_DIRECT_OBJC_ISA_USAGE = YES_ERROR;
				CLANG_WARN_EMPTY_BODY = YES;
				CLANG_WARN_ENUM_CONVERSION = YES;
				CLANG_WARN_INFINITE_RECURSION = YES;
				CLANG_WARN_INT_CONVERSION = YES;
				CLANG_WARN_OBJC_ROOT_CLASS = YES_ERROR;
				CLANG_WARN_SUSPICIOUS_MOVE = YES;
				CLANG_WARN_UNREACHABLE_CODE = YES;
				CLANG_WARN__DUPLICATE_METHOD_MATCH = YES;
				CODE_SIGN_IDENTITY = "iPhone Distribution";
				"CODE_SIGN_IDENTITY[sdk=iphoneos*]" = "iPhone Distribution";
				COPY_PHASE_STRIP = NO;
				DEBUG_INFORMATION_FORMAT = "dwarf-with-dsym";
				ENABLE_BITCODE = NO;
				ENABLE_NS_ASSERTIONS = NO;
				ENABLE_STRICT_OBJC_MSGSEND = YES;
				GCC_C_LANGUAGE_STANDARD = gnu99;
				GCC_NO_COMMON_BLOCKS = YES;
				GCC_WARN_64_TO_32_BIT_CONVERSION = YES;
				GCC_WARN_ABOUT_RETURN_TYPE = YES_ERROR;
				GCC_WARN_UNDECLARED_SELECTOR = YES;
				GCC_WARN_UNINITIALIZED_AUTOS = YES_AGGRESSIVE;
				GCC_WARN_UNUSED_FUNCTION = YES;
				GCC_WARN_UNUSED_VARIABLE = YES;
				IPHONEOS_DEPLOYMENT_TARGET = 8.0;
				MTL_ENABLE_DEBUG_INFO = NO;
				PROVISIONING_PROFILE = "";
				SDKROOT = iphoneos;
				SWIFT_OPTIMIZATION_LEVEL = "-Owholemodule";
				TARGETED_DEVICE_FAMILY = "1,2";
				VALIDATE_PRODUCT = YES;
			};
			name = Release;
		};
		9508F6D91AF52A2B00A8C713 /* Debug */ = {
			isa = XCBuildConfiguration;
			buildSettings = {
				ASSETCATALOG_COMPILER_APPICON_NAME = AppIcon;
				CLANG_ENABLE_MODULES = YES;
				CODE_SIGN_ENTITLEMENTS = Agni/Agni.entitlements;
				CODE_SIGN_IDENTITY = "iPhone Developer";
				"CODE_SIGN_IDENTITY[sdk=iphoneos*]" = "iPhone Developer";
				DEVELOPMENT_TEAM = "";
				ENABLE_BITCODE = NO;
				FRAMEWORK_SEARCH_PATHS = (
					"$(inherited)",
					"$(PROJECT_DIR)",
				);
				INFOPLIST_FILE = Agni/Info.plist;
				IPHONEOS_DEPLOYMENT_TARGET = 8.0;
				LD_RUNPATH_SEARCH_PATHS = "$(inherited) @executable_path/Frameworks";
				OTHER_LDFLAGS = "-ObjC";
				PRODUCT_BUNDLE_IDENTIFIER = com.quaritate.Agni;
				PRODUCT_NAME = "$(TARGET_NAME)";
				PROVISIONING_PROFILE = "";
				PROVISIONING_PROFILE_SPECIFIER = "";
				SWIFT_OBJC_BRIDGING_HEADER = "Agni-Bridging-Header.h";
				SWIFT_OPTIMIZATION_LEVEL = "-Onone";
				SWIFT_VERSION = 3.0;
				TARGETED_DEVICE_FAMILY = "1,2";
			};
			name = Debug;
		};
		9508F6DA1AF52A2B00A8C713 /* Release */ = {
			isa = XCBuildConfiguration;
			buildSettings = {
				ASSETCATALOG_COMPILER_APPICON_NAME = AppIcon;
				CLANG_ENABLE_MODULES = YES;
				CODE_SIGN_ENTITLEMENTS = Agni/Agni.entitlements;
				CODE_SIGN_IDENTITY = "iPhone Distribution";
				"CODE_SIGN_IDENTITY[sdk=iphoneos*]" = "iPhone Developer";
				DEVELOPMENT_TEAM = "";
				ENABLE_BITCODE = NO;
				FRAMEWORK_SEARCH_PATHS = (
					"$(inherited)",
					"$(PROJECT_DIR)",
				);
				INFOPLIST_FILE = Agni/Info.plist;
				IPHONEOS_DEPLOYMENT_TARGET = 8.0;
				LD_RUNPATH_SEARCH_PATHS = "$(inherited) @executable_path/Frameworks";
				OTHER_LDFLAGS = "-ObjC";
				PRODUCT_BUNDLE_IDENTIFIER = com.quaritate.Agni;
				PRODUCT_NAME = "$(TARGET_NAME)";
				PROVISIONING_PROFILE = "";
				PROVISIONING_PROFILE_SPECIFIER = "";
				SWIFT_OBJC_BRIDGING_HEADER = "Agni-Bridging-Header.h";
				SWIFT_VERSION = 3.0;
				TARGETED_DEVICE_FAMILY = "1,2";
			};
			name = Release;
		};
		9508F6DC1AF52A2B00A8C713 /* Debug */ = {
			isa = XCBuildConfiguration;
			buildSettings = {
				BUNDLE_LOADER = "$(TEST_HOST)";
				CODE_SIGN_IDENTITY = "iPhone Developer";
				"CODE_SIGN_IDENTITY[sdk=iphoneos*]" = "iPhone Developer";
				FRAMEWORK_SEARCH_PATHS = "$(inherited)";
				GCC_PREPROCESSOR_DEFINITIONS = (
					"DEBUG=1",
					"$(inherited)",
				);
				INFOPLIST_FILE = AgniTests/Info.plist;
				LD_RUNPATH_SEARCH_PATHS = "$(inherited) @executable_path/Frameworks @loader_path/Frameworks";
				PRODUCT_BUNDLE_IDENTIFIER = "com.quaritate.$(PRODUCT_NAME:rfc1034identifier)";
				PRODUCT_NAME = "$(TARGET_NAME)";
				PROVISIONING_PROFILE = "";
				SWIFT_VERSION = 3.0;
				TEST_HOST = "$(BUILT_PRODUCTS_DIR)/Agni.app/Agni";
			};
			name = Debug;
		};
		9508F6DD1AF52A2B00A8C713 /* Release */ = {
			isa = XCBuildConfiguration;
			buildSettings = {
				BUNDLE_LOADER = "$(TEST_HOST)";
				CODE_SIGN_IDENTITY = "iPhone Developer";
				"CODE_SIGN_IDENTITY[sdk=iphoneos*]" = "iPhone Developer";
				FRAMEWORK_SEARCH_PATHS = "$(inherited)";
				INFOPLIST_FILE = AgniTests/Info.plist;
				LD_RUNPATH_SEARCH_PATHS = "$(inherited) @executable_path/Frameworks @loader_path/Frameworks";
				PRODUCT_BUNDLE_IDENTIFIER = "com.quaritate.$(PRODUCT_NAME:rfc1034identifier)";
				PRODUCT_NAME = "$(TARGET_NAME)";
				PROVISIONING_PROFILE = "";
				SWIFT_VERSION = 3.0;
				TEST_HOST = "$(BUILT_PRODUCTS_DIR)/Agni.app/Agni";
			};
			name = Release;
		};
		9583EC141D8F8C060097D22B /* Debug */ = {
			isa = XCBuildConfiguration;
			buildSettings = {
				ASSETCATALOG_COMPILER_APPICON_NAME = "iMessage App Icon";
				CLANG_ANALYZER_NONNULL = YES;
				CLANG_WARN_DOCUMENTATION_COMMENTS = YES;
				CLANG_WARN_SUSPICIOUS_MOVES = YES;
				CODE_SIGN_IDENTITY = "iPhone Developer";
				"CODE_SIGN_IDENTITY[sdk=iphoneos*]" = "iPhone Developer";
				DEBUG_INFORMATION_FORMAT = dwarf;
				DEVELOPMENT_TEAM = UB6P2G6766;
				INFOPLIST_FILE = "Agni Stickers/Info.plist";
				IPHONEOS_DEPLOYMENT_TARGET = 10.0;
				PRODUCT_BUNDLE_IDENTIFIER = "com.quaritate.Agni.Agni-Stickers";
				PRODUCT_NAME = "$(TARGET_NAME)";
				SKIP_INSTALL = YES;
			};
			name = Debug;
		};
		9583EC151D8F8C060097D22B /* Release */ = {
			isa = XCBuildConfiguration;
			buildSettings = {
				ASSETCATALOG_COMPILER_APPICON_NAME = "iMessage App Icon";
				CLANG_ANALYZER_NONNULL = YES;
				CLANG_WARN_DOCUMENTATION_COMMENTS = YES;
				CLANG_WARN_SUSPICIOUS_MOVES = YES;
				CODE_SIGN_IDENTITY = "iPhone Distribution";
				"CODE_SIGN_IDENTITY[sdk=iphoneos*]" = "iPhone Developer";
				DEVELOPMENT_TEAM = UB6P2G6766;
				INFOPLIST_FILE = "Agni Stickers/Info.plist";
				IPHONEOS_DEPLOYMENT_TARGET = 10.0;
				PRODUCT_BUNDLE_IDENTIFIER = "com.quaritate.Agni.Agni-Stickers";
				PRODUCT_NAME = "$(TARGET_NAME)";
				SKIP_INSTALL = YES;
			};
			name = Release;
		};
/* End XCBuildConfiguration section */

/* Begin XCConfigurationList section */
		9508F6B41AF52A2B00A8C713 /* Build configuration list for PBXProject "Agni" */ = {
			isa = XCConfigurationList;
			buildConfigurations = (
				9508F6D61AF52A2B00A8C713 /* Debug */,
				9508F6D71AF52A2B00A8C713 /* Release */,
			);
			defaultConfigurationIsVisible = 0;
			defaultConfigurationName = Release;
		};
		9508F6D81AF52A2B00A8C713 /* Build configuration list for PBXNativeTarget "Agni" */ = {
			isa = XCConfigurationList;
			buildConfigurations = (
				9508F6D91AF52A2B00A8C713 /* Debug */,
				9508F6DA1AF52A2B00A8C713 /* Release */,
			);
			defaultConfigurationIsVisible = 0;
			defaultConfigurationName = Release;
		};
		9508F6DB1AF52A2B00A8C713 /* Build configuration list for PBXNativeTarget "AgniTests" */ = {
			isa = XCConfigurationList;
			buildConfigurations = (
				9508F6DC1AF52A2B00A8C713 /* Debug */,
				9508F6DD1AF52A2B00A8C713 /* Release */,
			);
			defaultConfigurationIsVisible = 0;
			defaultConfigurationName = Release;
		};
		9583EC131D8F8C060097D22B /* Build configuration list for PBXNativeTarget "Agni Stickers" */ = {
			isa = XCConfigurationList;
			buildConfigurations = (
				9583EC141D8F8C060097D22B /* Debug */,
				9583EC151D8F8C060097D22B /* Release */,
			);
			defaultConfigurationIsVisible = 0;
			defaultConfigurationName = Release;
		};
/* End XCConfigurationList section */

/* Begin XCVersionGroup section */
		95A86CAE1AF85E8600E0FB67 /* Store.xcdatamodeld */ = {
			isa = XCVersionGroup;
			children = (
				95FA54A11C079C850029D91D /* Store 3.xcdatamodel */,
				95A639C71B20D15C00A2A108 /* Store 2.xcdatamodel */,
				95A86CAF1AF85E8600E0FB67 /* Store.xcdatamodel */,
			);
			currentVersion = 95FA54A11C079C850029D91D /* Store 3.xcdatamodel */;
			path = Store.xcdatamodeld;
			sourceTree = "<group>";
			versionGroupType = wrapper.xcdatamodel;
		};
/* End XCVersionGroup section */
	};
	rootObject = 9508F6B11AF52A2B00A8C713 /* Project object */;
}
